
Microsoft Visual Studio Solution File, Format Version 12.00
# Visual Studio 15
VisualStudioVersion = 15.0.27130.2024
MinimumVisualStudioVersion = 10.0.40219.1
Project("{FAE04EC0-301F-11D3-BF4B-00C04F79EFBC}") = "OperatingHours", "..\..\PublicWebSite_Manifest\OperatingHours\OperatingHours.csproj", "{ED62E93C-E5F9-4A61-B723-C650DBCD4143}"
EndProject
Project("{FAE04EC0-301F-11D3-BF4B-00C04F79EFBC}") = "OperatingHours-Tests", "..\..\PublicWebSite_Manifest\OperatingHours-Tests\OperatingHours-Tests.csproj", "{CD458C6F-E48D-4FF1-9D93-CE276C915117}"
EndProject
Global
	GlobalSection(SolutionConfigurationPlatforms) = preSolution
		Debug|Any CPU = Debug|Any CPU
		Release|Any CPU = Release|Any CPU
	EndGlobalSection
	GlobalSection(ProjectConfigurationPlatforms) = postSolution
		{ED62E93C-E5F9-4A61-B723-C650DBCD4143}.Debug|Any CPU.ActiveCfg = Debug|Any CPU
		{ED62E93C-E5F9-4A61-B723-C650DBCD4143}.Debug|Any CPU.Build.0 = Debug|Any CPU
		{ED62E93C-E5F9-4A61-B723-C650DBCD4143}.Release|Any CPU.ActiveCfg = Release|Any CPU
		{ED62E93C-E5F9-4A61-B723-C650DBCD4143}.Release|Any CPU.Build.0 = Release|Any CPU
		{CD458C6F-E48D-4FF1-9D93-CE276C915117}.Debug|Any CPU.ActiveCfg = Debug|Any CPU
		{CD458C6F-E48D-4FF1-9D93-CE276C915117}.Debug|Any CPU.Build.0 = Debug|Any CPU
		{CD458C6F-E48D-4FF1-9D93-CE276C915117}.Release|Any CPU.ActiveCfg = Release|Any CPU
		{CD458C6F-E48D-4FF1-9D93-CE276C915117}.Release|Any CPU.Build.0 = Release|Any CPU
	EndGlobalSection
	GlobalSection(SolutionProperties) = preSolution
		HideSolutionNode = FALSE
	EndGlobalSection
	GlobalSection(ExtensibilityGlobals) = postSolution
		SolutionGuid = {A6F0B2C9-30C8-4574-96D1-AA7FBB734984}
	EndGlobalSection
EndGlobal
